
Microsoft Visual Studio Solution File, Format Version 12.00
# Visual Studio 15
VisualStudioVersion = 15.0.28307.168
MinimumVisualStudioVersion = 10.0.40219.1
Project("{8BC9CEB8-8B4A-11D0-8D11-00A0C91BC942}") = "MoonlightCommonInterop", "MoonlightCommonInterop\MoonlightCommonInterop.vcxproj", "{9979E71E-4143-477E-B586-C7A49F078624}"
EndProject
Project("{FAE04EC0-301F-11D3-BF4B-00C04F79EFBC}") = "Moonlight.Logic", "Moonlight.Logic\Moonlight.Logic.csproj", "{39419D8C-3606-43E9-A6BF-ACD6075C6027}"
EndProject
Project("{FAE04EC0-301F-11D3-BF4B-00C04F79EFBC}") = "Moonlight", "Moonlight\Moonlight.csproj", "{6DA041D1-EBEA-4919-B725-577488313F80}"
EndProject
Global
	GlobalSection(SolutionConfigurationPlatforms) = preSolution
		Debug|Any CPU = Debug|Any CPU
		Debug|ARM = Debug|ARM
		Debug|ARM64 = Debug|ARM64
		Debug|x64 = Debug|x64
		Debug|x86 = Debug|x86
		Release|Any CPU = Release|Any CPU
		Release|ARM = Release|ARM
		Release|ARM64 = Release|ARM64
		Release|x64 = Release|x64
		Release|x86 = Release|x86
	EndGlobalSection
	GlobalSection(ProjectConfigurationPlatforms) = postSolution
		{9979E71E-4143-477E-B586-C7A49F078624}.Debug|Any CPU.ActiveCfg = Debug|Win32
		{9979E71E-4143-477E-B586-C7A49F078624}.Debug|ARM.ActiveCfg = Debug|ARM
		{9979E71E-4143-477E-B586-C7A49F078624}.Debug|ARM.Build.0 = Debug|ARM
		{9979E71E-4143-477E-B586-C7A49F078624}.Debug|ARM64.ActiveCfg = Debug|Win32
		{9979E71E-4143-477E-B586-C7A49F078624}.Debug|x64.ActiveCfg = Debug|x64
		{9979E71E-4143-477E-B586-C7A49F078624}.Debug|x64.Build.0 = Debug|x64
		{9979E71E-4143-477E-B586-C7A49F078624}.Debug|x86.ActiveCfg = Debug|Win32
		{9979E71E-4143-477E-B586-C7A49F078624}.Debug|x86.Build.0 = Debug|Win32
		{9979E71E-4143-477E-B586-C7A49F078624}.Release|Any CPU.ActiveCfg = Release|Win32
		{9979E71E-4143-477E-B586-C7A49F078624}.Release|ARM.ActiveCfg = Release|ARM
		{9979E71E-4143-477E-B586-C7A49F078624}.Release|ARM.Build.0 = Release|ARM
		{9979E71E-4143-477E-B586-C7A49F078624}.Release|ARM64.ActiveCfg = Release|Win32
		{9979E71E-4143-477E-B586-C7A49F078624}.Release|x64.ActiveCfg = Release|x64
		{9979E71E-4143-477E-B586-C7A49F078624}.Release|x64.Build.0 = Release|x64
		{9979E71E-4143-477E-B586-C7A49F078624}.Release|x86.ActiveCfg = Release|Win32
		{9979E71E-4143-477E-B586-C7A49F078624}.Release|x86.Build.0 = Release|Win32
		{39419D8C-3606-43E9-A6BF-ACD6075C6027}.Debug|Any CPU.ActiveCfg = Debug|Any CPU
		{39419D8C-3606-43E9-A6BF-ACD6075C6027}.Debug|Any CPU.Build.0 = Debug|Any CPU
		{39419D8C-3606-43E9-A6BF-ACD6075C6027}.Debug|ARM.ActiveCfg = Debug|ARM
		{39419D8C-3606-43E9-A6BF-ACD6075C6027}.Debug|ARM.Build.0 = Debug|ARM
		{39419D8C-3606-43E9-A6BF-ACD6075C6027}.Debug|ARM64.ActiveCfg = Debug|ARM64
		{39419D8C-3606-43E9-A6BF-ACD6075C6027}.Debug|ARM64.Build.0 = Debug|ARM64
		{39419D8C-3606-43E9-A6BF-ACD6075C6027}.Debug|x64.ActiveCfg = Debug|x64
		{39419D8C-3606-43E9-A6BF-ACD6075C6027}.Debug|x64.Build.0 = Debug|x64
		{39419D8C-3606-43E9-A6BF-ACD6075C6027}.Debug|x86.ActiveCfg = Debug|x86
		{39419D8C-3606-43E9-A6BF-ACD6075C6027}.Debug|x86.Build.0 = Debug|x86
		{39419D8C-3606-43E9-A6BF-ACD6075C6027}.Release|Any CPU.ActiveCfg = Release|Any CPU
		{39419D8C-3606-43E9-A6BF-ACD6075C6027}.Release|Any CPU.Build.0 = Release|Any CPU
		{39419D8C-3606-43E9-A6BF-ACD6075C6027}.Release|ARM.ActiveCfg = Release|ARM
		{39419D8C-3606-43E9-A6BF-ACD6075C6027}.Release|ARM.Build.0 = Release|ARM
		{39419D8C-3606-43E9-A6BF-ACD6075C6027}.Release|ARM64.ActiveCfg = Release|ARM64
		{39419D8C-3606-43E9-A6BF-ACD6075C6027}.Release|ARM64.Build.0 = Release|ARM64
		{39419D8C-3606-43E9-A6BF-ACD6075C6027}.Release|x64.ActiveCfg = Release|x64
		{39419D8C-3606-43E9-A6BF-ACD6075C6027}.Release|x64.Build.0 = Release|x64
		{39419D8C-3606-43E9-A6BF-ACD6075C6027}.Release|x86.ActiveCfg = Release|x86
		{39419D8C-3606-43E9-A6BF-ACD6075C6027}.Release|x86.Build.0 = Release|x86
		{6DA041D1-EBEA-4919-B725-577488313F80}.Debug|Any CPU.ActiveCfg = Debug|x86
		{6DA041D1-EBEA-4919-B725-577488313F80}.Debug|ARM.ActiveCfg = Debug|ARM
		{6DA041D1-EBEA-4919-B725-577488313F80}.Debug|ARM.Build.0 = Debug|ARM
		{6DA041D1-EBEA-4919-B725-577488313F80}.Debug|ARM.Deploy.0 = Debug|ARM
		{6DA041D1-EBEA-4919-B725-577488313F80}.Debug|ARM64.ActiveCfg = Debug|ARM64
		{6DA041D1-EBEA-4919-B725-577488313F80}.Debug|ARM64.Build.0 = Debug|ARM64
		{6DA041D1-EBEA-4919-B725-577488313F80}.Debug|ARM64.Deploy.0 = Debug|ARM64
		{6DA041D1-EBEA-4919-B725-577488313F80}.Debug|x64.ActiveCfg = Debug|x64
		{6DA041D1-EBEA-4919-B725-577488313F80}.Debug|x64.Build.0 = Debug|x64
		{6DA041D1-EBEA-4919-B725-577488313F80}.Debug|x64.Deploy.0 = Debug|x64
		{6DA041D1-EBEA-4919-B725-577488313F80}.Debug|x86.ActiveCfg = Debug|x86
		{6DA041D1-EBEA-4919-B725-577488313F80}.Debug|x86.Build.0 = Debug|x86
		{6DA041D1-EBEA-4919-B725-577488313F80}.Debug|x86.Deploy.0 = Debug|x86
		{6DA041D1-EBEA-4919-B725-577488313F80}.Release|Any CPU.ActiveCfg = Release|x86
		{6DA041D1-EBEA-4919-B725-577488313F80}.Release|ARM.ActiveCfg = Release|ARM
		{6DA041D1-EBEA-4919-B725-577488313F80}.Release|ARM.Build.0 = Release|ARM
		{6DA041D1-EBEA-4919-B725-577488313F80}.Release|ARM.Deploy.0 = Release|ARM
		{6DA041D1-EBEA-4919-B725-577488313F80}.Release|ARM64.ActiveCfg = Release|ARM64
		{6DA041D1-EBEA-4919-B725-577488313F80}.Release|ARM64.Build.0 = Release|ARM64
		{6DA041D1-EBEA-4919-B725-577488313F80}.Release|ARM64.Deploy.0 = Release|ARM64
		{6DA041D1-EBEA-4919-B725-577488313F80}.Release|x64.ActiveCfg = Release|x64
		{6DA041D1-EBEA-4919-B725-577488313F80}.Release|x64.Build.0 = Release|x64
		{6DA041D1-EBEA-4919-B725-577488313F80}.Release|x64.Deploy.0 = Release|x64
		{6DA041D1-EBEA-4919-B725-577488313F80}.Release|x86.ActiveCfg = Release|x86
		{6DA041D1-EBEA-4919-B725-577488313F80}.Release|x86.Build.0 = Release|x86
		{6DA041D1-EBEA-4919-B725-577488313F80}.Release|x86.Deploy.0 = Release|x86
	EndGlobalSection
	GlobalSection(SolutionProperties) = preSolution
		HideSolutionNode = FALSE
	EndGlobalSection
	GlobalSection(ExtensibilityGlobals) = postSolution
		SolutionGuid = {70791426-4DA4-4BF8-9BD6-7AF07A797922}
	EndGlobalSection
EndGlobal
